
Microsoft Visual Studio Solution File, Format Version 12.00
Project("{FAE04EC0-301F-11D3-BF4B-00C04F79EFBC}") = "MicMuter", "src\MicMuter.csproj", "{68F6A5CC-254D-48C1-878D-681781AE5CCD}"
EndProject
Global
	GlobalSection(SolutionConfigurationPlatforms) = preSolution
		Debug|Any CPU = Debug|Any CPU
		Release|Any CPU = Release|Any CPU
	EndGlobalSection
	GlobalSection(ProjectConfigurationPlatforms) = postSolution
		{68F6A5CC-254D-48C1-878D-681781AE5CCD}.Debug|Any CPU.ActiveCfg = Debug|Any CPU
		{68F6A5CC-254D-48C1-878D-681781AE5CCD}.Debug|Any CPU.Build.0 = Debug|Any CPU
		{68F6A5CC-254D-48C1-878D-681781AE5CCD}.Release|Any CPU.ActiveCfg = Release|Any CPU
		{68F6A5CC-254D-48C1-878D-681781AE5CCD}.Release|Any CPU.Build.0 = Release|Any CPU
	EndGlobalSection
EndGlobal
